lockfile_version: '1'
generated_at: '2026-05-18T18:45:50.386288+00:00'
apm_version: 0.13.0
dependencies:
- repo_url: ngicks/agents-package
  host: github.com
  resolved_commit: c3c37b7e7c398f8a4e10cb9d50fb4c7818692398
  virtual_path: hooks/golangci-lint-fmt-after-edit
  is_virtual: true
  package_type: hook_package
  content_hash: sha256:ae7c39b88069d4424fa77fd7ed5b3b3754bf1a1a84780ffa8af34fe86fd9746f
- repo_url: ngicks/agents-package
  host: github.com
  resolved_commit: c3c37b7e7c398f8a4e10cb9d50fb4c7818692398
  virtual_path: hooks/golangci-lint-run-after-edit
  is_virtual: true
  package_type: hook_package
  content_hash: sha256:19cd280e5d07beea30a27f02116d3dadd17a798bf524b2a55cad0d852c5d02b1
- repo_url: ngicks/agents-package
  host: github.com
  resolved_commit: c3c37b7e7c398f8a4e10cb9d50fb4c7818692398
  virtual_path: instructions/base-env.instructions.md
  is_virtual: true
  deployed_files:
  - .claude/rules/base-env.md
  deployed_file_hashes:
    .claude/rules/base-env.md: sha256:a8e409d534a453b252382ade30cd392cfcd17eff302616e2551f456d8432854e
  content_hash: sha256:e8e2f850d9cb676f3e9dc7756563576bc3dca4aed77f162987d88b6a7a0d18c5
- repo_url: ngicks/agents-package
  host: github.com
  resolved_commit: c3c37b7e7c398f8a4e10cb9d50fb4c7818692398
  virtual_path: instructions/go/go-basics.instructions.md
  is_virtual: true
  deployed_files:
  - .claude/rules/go-basics.md
  deployed_file_hashes:
    .claude/rules/go-basics.md: sha256:9e9687137db1dcd534e909aa4bc1ae62e0439d849837cb2bed37791a8d01616f
  content_hash: sha256:3377a6fbb48ef1d8f562c62cc7b382d85c75964726c423ba14dde945bbb0bead
- repo_url: ngicks/agents-package
  host: github.com
  resolved_commit: c3c37b7e7c398f8a4e10cb9d50fb4c7818692398
  virtual_path: skills/go-check-outdated-patterns
  is_virtual: true
  package_type: claude_skill
  deployed_files:
  - .agents/skills/go-check-outdated-patterns
  - .claude/skills/go-check-outdated-patterns
  content_hash: sha256:685001bfd8f313b73fd9534494c06dde40f1d596c25afc2310a4c4ee9f4f92ed
- repo_url: ngicks/agents-package
  host: github.com
  resolved_commit: c3c37b7e7c398f8a4e10cb9d50fb4c7818692398
  virtual_path: skills/go-review-checklist
  is_virtual: true
  package_type: claude_skill
  deployed_files:
  - .agents/skills/go-review-checklist
  - .claude/skills/go-review-checklist
  content_hash: sha256:d1f2432180ac2de13a6a23d83bb879f5c1c552218f7cf55aea9af4c6ffe51f92
local_deployed_files:
- .claude/rules/local.md
local_deployed_file_hashes:
  .claude/rules/local.md: sha256:1a3a2ce016af0c38a5d3abbaf0fdca8a72bf8822d7d46d16d1cd3ce050c9677b
