github.com/google/go-cmp v0.5.9 h1:O2Tfq5qg4qc4AmwVlvv0oLiVAGB7enBSJ2x2DqQFi38=
github.com/google/go-cmp v0.5.9/go.mod h1:17dUlkBOakJ0+DkrSSNjCkIjxS6bF9zb3elmeNGIjoY=
github.com/ngicks/go-fsys-helper/fsutil v0.0.0-20240823001639-d07bdee4a7a2 h1:h4gaReUnujhaKPbiiHqT8UM2bf7pj4sJiwdLzlp7izU=
github.com/ngicks/go-fsys-helper/fsutil v0.0.0-20240823001639-d07bdee4a7a2/go.mod h1:VTiVhvmr+73bBTJvrzzQWQnlU2vxxt8Ia12G5ngR3RY=
github.com/ngicks/go-fsys-helper/stream v0.1.0 h1:25BPhvbJDai/o8tZZXDJoE4BJpCFA/HefNN1icGXltw=
github.com/ngicks/go-fsys-helper/stream v0.1.0/go.mod h1:+7p+ekRp4CjEkl6VWa9IjzOxNgvMmdsoj5IszCjVBUg=
github.com/spf13/afero v1.11.0 h1:WJQKhtpdm3v2IzqG8VMqrr6Rf3UYpEF239Jy9wNepM8=
github.com/spf13/afero v1.11.0/go.mod h1:GH9Y3pIexgf1MTIWtNGyogA5MwRIDXGUr+hbWNoBjkY=
golang.org/x/text v0.14.0 h1:ScX5w1eTa3QqT8oi6+ziP7dTV1S2+ALU0bI+0zXKWiQ=
golang.org/x/text v0.14.0/go.mod h1:18ZOQIKpY8NJVqYksKHtTdi31H5itFRjB5/qKTNYzSU=
gotest.tools/v3 v3.5.1 h1:EENdUnS3pdur5nybKYIh2Vfgc8IUNBjxDPSjtiJcOzU=
gotest.tools/v3 v3.5.1/go.mod h1:isy3WKz7GK6uNw/sbHzfKBLvlvXwUyV06n6brMxxopU=
