github.com/ngicks/go-fsys-helper/fsutil v0.0.0-20260816154526-c6c8f4c0c36f h1:4dK//MGxbGF9WYm1vx3cTcLST9+78i87qIjudSW3XjE=
github.com/ngicks/go-fsys-helper/fsutil v0.0.0-20260816154526-c6c8f4c0c36f/go.mod h1:3Ko4N72NP33xyl3yIEj3JzbOAA8Ko/ZxgmbAl7uZhf4=
golang.org/x/sync v0.20.0 h1:e0PTpb7pjO8GAtTs2dQ6jYa5BWYlMuX047Dco/pItO4=
golang.org/x/sync v0.20.0/go.mod h1:9xrNwdLfx4jkKbNva9FpL6vEN7evnE43NNNJQ2LF3+0=
golang.org/x/sys v0.47.0 h1:o7XGOvZQCADBQQ4Y7VNq2dRWQR7JmOUW8Kxx4ZsNgWs=
golang.org/x/sys v0.47.0/go.mod h1:4GL1E5IUh+htKOUEOaiffhrAeqysfVGipDYzABqnCmw=
